
Microsoft Visual Studio Solution File, Format Version 12.00
# Visual Studio Version 17
VisualStudioVersion = 17.6.33723.286
MinimumVisualStudioVersion = 10.0.40219.1
Project("{FAE04EC0-301F-11D3-BF4B-00C04F79EFBC}") = "Proiect practica", "Proiect practica\Proiect practica.csproj", "{20B6999B-DD11-46E0-8E3E-A2152AEF0CA8}"
EndProject
Global
	GlobalSection(SolutionConfigurationPlatforms) = preSolution
		Debug|Any CPU = Debug|Any CPU
		Release|Any CPU = Release|Any CPU
	EndGlobalSection
	GlobalSection(ProjectConfigurationPlatforms) = postSolution
		{20B6999B-DD11-46E0-8E3E-A2152AEF0CA8}.Debug|Any CPU.ActiveCfg = Debug|Any CPU
		{20B6999B-DD11-46E0-8E3E-A2152AEF0CA8}.Debug|Any CPU.Build.0 = Debug|Any CPU
		{20B6999B-DD11-46E0-8E3E-A2152AEF0CA8}.Release|Any CPU.ActiveCfg = Release|Any CPU
		{20B6999B-DD11-46E0-8E3E-A2152AEF0CA8}.Release|Any CPU.Build.0 = Release|Any CPU
	EndGlobalSection
	GlobalSection(SolutionProperties) = preSolution
		HideSolutionNode = FALSE
	EndGlobalSection
	GlobalSection(ExtensibilityGlobals) = postSolution
		SolutionGuid = {3C326B37-16D4-44B0-B617-56AFEF4E0014}
	EndGlobalSection
EndGlobal
